
Microsoft Visual Studio Solution File, Format Version 12.00
# Visual Studio Version 17
VisualStudioVersion = 17.1.32319.34
MinimumVisualStudioVersion = 10.0.40219.1
Project("{9A19103F-16F7-4668-BE54-9A1E7A4F7556}") = "Methodlar", "Methodlar\Methodlar.csproj", "{01FB940B-E87C-4E67-835C-D4E097EC24D1}"
EndProject
Project("{9A19103F-16F7-4668-BE54-9A1E7A4F7556}") = "Matematik", "Matematik\Matematik.csproj", "{3F38D88B-9166-437B-B676-8150682F2758}"
EndProject
Project("{FAE04EC0-301F-11D3-BF4B-00C04F79EFBC}") = "DegerVeReferansTipler", "DegerVeReferansTipler\DegerVeReferansTipler.csproj", "{01DEF9B9-8D55-4386-9EBF-2B283C6233A0}"
EndProject
Global
	GlobalSection(SolutionConfigurationPlatforms) = preSolution
		Debug|Any CPU = Debug|Any CPU
		Release|Any CPU = Release|Any CPU
	EndGlobalSection
	GlobalSection(ProjectConfigurationPlatforms) = postSolution
		{01FB940B-E87C-4E67-835C-D4E097EC24D1}.Debug|Any CPU.ActiveCfg = Debug|Any CPU
		{01FB940B-E87C-4E67-835C-D4E097EC24D1}.Debug|Any CPU.Build.0 = Debug|Any CPU
		{01FB940B-E87C-4E67-835C-D4E097EC24D1}.Release|Any CPU.ActiveCfg = Release|Any CPU
		{01FB940B-E87C-4E67-835C-D4E097EC24D1}.Release|Any CPU.Build.0 = Release|Any CPU
		{3F38D88B-9166-437B-B676-8150682F2758}.Debug|Any CPU.ActiveCfg = Debug|Any CPU
		{3F38D88B-9166-437B-B676-8150682F2758}.Debug|Any CPU.Build.0 = Debug|Any CPU
		{3F38D88B-9166-437B-B676-8150682F2758}.Release|Any CPU.ActiveCfg = Release|Any CPU
		{3F38D88B-9166-437B-B676-8150682F2758}.Release|Any CPU.Build.0 = Release|Any CPU
		{01DEF9B9-8D55-4386-9EBF-2B283C6233A0}.Debug|Any CPU.ActiveCfg = Debug|Any CPU
		{01DEF9B9-8D55-4386-9EBF-2B283C6233A0}.Debug|Any CPU.Build.0 = Debug|Any CPU
		{01DEF9B9-8D55-4386-9EBF-2B283C6233A0}.Release|Any CPU.ActiveCfg = Release|Any CPU
		{01DEF9B9-8D55-4386-9EBF-2B283C6233A0}.Release|Any CPU.Build.0 = Release|Any CPU
	EndGlobalSection
	GlobalSection(SolutionProperties) = preSolution
		HideSolutionNode = FALSE
	EndGlobalSection
	GlobalSection(ExtensibilityGlobals) = postSolution
		SolutionGuid = {F92CFB65-89FA-4A4D-8572-EEFCA2373424}
	EndGlobalSection
EndGlobal
